Microsoft Visual Studio Solution File, Format Version 11.00
# Visual Studio 2008

Project("{EAF302D5-6A03-FF9F-026C-099E314910CA}") = "Hello World Unity", "Assembly-CSharp.csproj", "{86A7B46F-9F22-3F0F-5559-01D3C4A99CEF}"
EndProject
Global
	GlobalSection(SolutionConfigurationPlatforms) = preSolution
		Debug|Any CPU = Debug|Any CPU
		Release|Any CPU = Release|Any CPU
	EndGlobalSection
	GlobalSection(ProjectConfigurationPlatforms) = postSolution
		{86A7B46F-9F22-3F0F-5559-01D3C4A99CEF}.Debug|Any CPU.ActiveCfg = Debug|Any CPU
		{86A7B46F-9F22-3F0F-5559-01D3C4A99CEF}.Debug|Any CPU.Build.0 = Debug|Any CPU
		{86A7B46F-9F22-3F0F-5559-01D3C4A99CEF}.Release|Any CPU.ActiveCfg = Release|Any CPU
		{86A7B46F-9F22-3F0F-5559-01D3C4A99CEF}.Release|Any CPU.Build.0 = Release|Any CPU
	EndGlobalSection
	GlobalSection(SolutionProperties) = preSolution
		HideSolutionNode = FALSE
	EndGlobalSection
							GlobalSection(MonoDevelopProperties) = preSolution
		StartupItem = Assembly-CSharp.csproj
		Policies = $0
		$0.TextStylePolicy = $1
		$1.inheritsSet = null
		$1.scope = text/x-csharp
		$0.CSharpFormattingPolicy = $2
		$2.inheritsSet = Mono
		$2.inheritsScope = text/x-csharp
		$2.scope = text/x-csharp
		$0.TextStylePolicy = $3
		$3.FileWidth = 120
		$3.TabWidth = 4
		$3.EolMarker = Unix
		$3.inheritsSet = Mono
		$3.inheritsScope = text/plain
		$3.scope = text/plain
	EndGlobalSection

EndGlobal
